
Microsoft Visual Studio Solution File, Format Version 12.00
# Visual Studio Version 17
VisualStudioVersion = 17.7.34221.43
MinimumVisualStudioVersion = 10.0.40219.1
Project("{FAE04EC0-301F-11D3-BF4B-00C04F79EFBC}") = "FirmaDigital_v2", "FirmaDigital_v2\FirmaDigital_v2.csproj", "{DD794742-BC57-4A57-AE3F-B9A3D816AF85}"
EndProject
Global
	GlobalSection(SolutionConfigurationPlatforms) = preSolution
		Debug|Any CPU = Debug|Any CPU
		Release|Any CPU = Release|Any CPU
	EndGlobalSection
	GlobalSection(ProjectConfigurationPlatforms) = postSolution
		{DD794742-BC57-4A57-AE3F-B9A3D816AF85}.Debug|Any CPU.ActiveCfg = Debug|Any CPU
		{DD794742-BC57-4A57-AE3F-B9A3D816AF85}.Debug|Any CPU.Build.0 = Debug|Any CPU
		{DD794742-BC57-4A57-AE3F-B9A3D816AF85}.Debug|Any CPU.Deploy.0 = Debug|Any CPU
		{DD794742-BC57-4A57-AE3F-B9A3D816AF85}.Release|Any CPU.ActiveCfg = Release|Any CPU
		{DD794742-BC57-4A57-AE3F-B9A3D816AF85}.Release|Any CPU.Build.0 = Release|Any CPU
		{DD794742-BC57-4A57-AE3F-B9A3D816AF85}.Release|Any CPU.Deploy.0 = Release|Any CPU
	EndGlobalSection
	GlobalSection(SolutionProperties) = preSolution
		HideSolutionNode = FALSE
	EndGlobalSection
	GlobalSection(ExtensibilityGlobals) = postSolution
		SolutionGuid = {6810C23A-CD01-4CD3-A1F9-399C40BE5002}
	EndGlobalSection
EndGlobal
